// !$*UTF8*$!
{
	archiveVersion = 1;
	classes = {
	};
	objectVersion = 46;
	objects = {

/* Begin PBXBuildFile section */
		D6F955311E83A56E00F7125E /* main.m in Sources */ = {isa = PBXBuildFile; fileRef = D6F955301E83A56E00F7125E /* main.m */; };
		D6F955341E83A56E00F7125E /* AppDelegate.m in Sources */ = {isa = PBXBuildFile; fileRef = D6F955331E83A56E00F7125E /* AppDelegate.m */; };
		D6F955371E83A56E00F7125E /* ViewController.m in Sources */ = {isa = PBXBuildFile; fileRef = D6F955361E83A56E00F7125E /* ViewController.m */; };
		D6F9553A1E83A56E00F7125E /* Main.storyboard in Resources */ = {isa = PBXBuildFile; fileRef = D6F955381E83A56E00F7125E /* Main.storyboard */; };
		D6F9553C1E83A56E00F7125E /* Assets.xcassets in Resources */ = {isa = PBXBuildFile; fileRef = D6F9553B1E83A56E00F7125E /* Assets.xcassets */; };
		D6F9553F1E83A56E00F7125E /* LaunchScreen.storyboard in Resources */ = {isa = PBXBuildFile; fileRef = D6F9553D1E83A56E00F7125E /* LaunchScreen.storyboard */; };
/* End PBXBuildFile section */

/* Begin PBXFileReference section */
		D6F9552C1E83A56E00F7125E /* SummaryExperiences.app */ = {isa = PBXFileReference; explicitFileType = wrapper.application; includeInIndex = 0; path = SummaryExperiences.app; sourceTree = BUILT_PRODUCTS_DIR; };
		D6F955301E83A56E00F7125E /* main.m */ = {isa = PBXFileReference; lastKnownFileType = sourcecode.c.objc; path = main.m; sourceTree = "<group>"; };
		D6F955321E83A56E00F7125E /* AppDelegate.h */ = {isa = PBXFileReference; lastKnownFileType = sourcecode.c.h; path = AppDelegate.h; sourceTree = "<group>"; };
		D6F955331E83A56E00F7125E /* AppDelegate.m */ = {isa = PBXFileReference; lastKnownFileType = sourcecode.c.objc; path = AppDelegate.m; sourceTree = "<group>"; };
		D6F955351E83A56E00F7125E /* ViewController.h */ = {isa = PBXFileReference; lastKnownFileType = sourcecode.c.h; path = ViewController.h; sourceTree = "<group>"; };
		D6F955361E83A56E00F7125E /* ViewController.m */ = {isa = PBXFileReference; lastKnownFileType = sourcecode.c.objc; path = ViewController.m; sourceTree = "<group>"; };
		D6F955391E83A56E00F7125E /* Base */ = {isa = PBXFileReference; lastKnownFileType = file.storyboard; name = Base; path = Base.lproj/Main.storyboard; sourceTree = "<group>"; };
		D6F9553B1E83A56E00F7125E /* Assets.xcassets */ = {isa = PBXFileReference; lastKnownFileType = folder.assetcatalog; path = Assets.xcassets; sourceTree = "<group>"; };
		D6F9553E1E83A56E00F7125E /* Base */ = {isa = PBXFileReference; lastKnownFileType = file.storyboard; name = Base; path = Base.lproj/LaunchScreen.storyboard; sourceTree = "<group>"; };
		D6F955401E83A56E00F7125E /* Info.plist */ = {isa = PBXFileReference; lastKnownFileType = text.plist.xml; path = Info.plist; sourceTree = "<group>"; };
/* End PBXFileReference section */

/* Begin PBXFrameworksBuildPhase section */
		D6F955291E83A56D00F7125E /* Frameworks */ = {
			isa = PBXFrameworksBuildPhase;
			buildActionMask = 2147483647;
			files = (
			);
			runOnlyForDeploymentPostprocessing = 0;
		};
/* End PBXFrameworksBuildPhase section */

/* Begin PBXGroup section */
		D6F955231E83A56D00F7125E = {
			isa = PBXGroup;
			children = (
				D6F9552E1E83A56E00F7125E /* SummaryExperiences */,
				D6F9552D1E83A56E00F7125E /* Products */,
			);
			sourceTree = "<group>";
		};
		D6F9552D1E83A56E00F7125E /* Products */ = {
			isa = PBXGroup;
			children = (
				D6F9552C1E83A56E00F7125E /* SummaryExperiences.app */,
			);
			name = Products;
			sourceTree = "<group>";
		};
		D6F9552E1E83A56E00F7125E /* SummaryExperiences */ = {
			isa = PBXGroup;
			children = (
				D6F955321E83A56E00F7125E /* AppDelegate.h */,
				D6F955331E83A56E00F7125E /* AppDelegate.m */,
				D6F955351E83A56E00F7125E /* ViewController.h */,
				D6F955361E83A56E00F7125E /* ViewController.m */,
				D6F955381E83A56E00F7125E /* Main.storyboard */,
				D6F9553B1E83A56E00F7125E /* Assets.xcassets */,
				D6F9553D1E83A56E00F7125E /* LaunchScreen.storyboard */,
				D6F955401E83A56E00F7125E /* Info.plist */,
				D6F9552F1E83A56E00F7125E /* Supporting Files */,
			);
			path = SummaryExperiences;
			sourceTree = "<group>";
		};
		D6F9552F1E83A56E00F7125E /* Supporting Files */ = {
			isa = PBXGroup;
			children = (
				D6F955301E83A56E00F7125E /* main.m */,
			);
			name = "Supporting Files";
			sourceTree = "<group>";
		};
/* End PBXGroup section */

/* Begin PBXNativeTarget section */
		D6F9552B1E83A56D00F7125E /* SummaryExperiences */ = {
			isa = PBXNativeTarget;
			buildConfigurationList = D6F955431E83A56E00F7125E /* Build configuration list for PBXNativeTarget "SummaryExperiences" */;
			buildPhases = (
				D6F955281E83A56D00F7125E /* Sources */,
				D6F955291E83A56D00F7125E /* Frameworks */,
				D6F9552A1E83A56D00F7125E /* Resources */,
			);
			buildRules = (
			);
			dependencies = (
			);
			name = SummaryExperiences;
			productName = SummaryExperiences;
			productReference = D6F9552C1E83A56E00F7125E /* SummaryExperiences.app */;
			productType = "com.apple.product-type.application";
		};
/* End PBXNativeTarget section */

/* Begin PBXProject section */
		D6F955241E83A56D00F7125E /* Project object */ = {
			isa = PBXProject;
			attributes = {
				LastUpgradeCheck = 0820;
				ORGANIZATIONNAME = "刘毅";
				TargetAttributes = {
					D6F9552B1E83A56D00F7125E = {
						CreatedOnToolsVersion = 8.2.1;
						DevelopmentTeam = 9XXQS79WF8;
						ProvisioningStyle = Automatic;
					};
				};
			};
			buildConfigurationList = D6F955271E83A56D00F7125E /* Build configuration list for PBXProject "SummaryExperiences" */;
			compatibilityVersion = "Xcode 3.2";
			developmentRegion = English;
			hasScannedForEncodings = 0;
			knownRegions = (
				en,
				Base,
			);
			mainGroup = D6F955231E83A56D00F7125E;
			productRefGroup = D6F9552D1E83A56E00F7125E /* Products */;
			projectDirPath = "";
			projectRoot = "";
			targets = (
				D6F9552B1E83A56D00F7125E /* SummaryExperiences */,
			);
		};
/* End PBXProject section */

/* Begin PBXResourcesBuildPhase section */
		D6F9552A1E83A56D00F7125E /* Resources */ = {
			isa = PBXResourcesBuildPhase;
			buildActionMask = 2147483647;
			files = (
				D6F9553F1E83A56E00F7125E /* LaunchScreen.storyboard in Resources */,
				D6F9553C1E83A56E00F7125E /* Assets.xcassets in Resources */,
				D6F9553A1E83A56E00F7125E /* Main.storyboard in Resources */,
			);
			runOnlyForDeploymentPostprocessing = 0;
		};
/* End PBXResourcesBuildPhase section */

/* Begin PBXSourcesBuildPhase section */
		D6F955281E83A56D00F7125E /* Sources */ = {
			isa = PBXSourcesBuildPhase;
			buildActionMask = 2147483647;
			files = (
				D6F955371E83A56E00F7125E /* ViewController.m in Sources */,
				D6F955341E83A56E00F7125E /* AppDelegate.m in Sources */,
				D6F955311E83A56E00F7125E /* main.m in Sources */,
			);
			runOnlyForDeploymentPostprocessing = 0;
		};
/* End PBXSourcesBuildPhase section */

/* Begin PBXVariantGroup section */
		D6F955381E83A56E00F7125E /* Main.storyboard */ = {
			isa = PBXVariantGroup;
			children = (
				D6F955391E83A56E00F7125E /* Base */,
			);
			name = Main.storyboard;
			sourceTree = "<group>";
		};
		D6F9553D1E83A56E00F7125E /* LaunchScreen.storyboard */ = {
			isa = PBXVariantGroup;
			children = (
				D6F9553E1E83A56E00F7125E /* Base */,
			);
			name = LaunchScreen.storyboard;
			sourceTree = "<group>";
		};
/* End PBXVariantGroup section */

/* Begin XCBuildConfiguration section */
		D6F955411E83A56E00F7125E /* Debug */ = {
			isa = XCBuildConfiguration;
			buildSettings = {
				ALWAYS_SEARCH_USER_PATHS = NO;
				CLANG_ANALYZER_NONNULL = YES;
				CLANG_CXX_LANGUAGE_STANDARD = "gnu++0x";
				CLANG_CXX_LIBRARY = "libc++";
				CLANG_ENABLE_MODULES = YES;
				CLANG_ENABLE_OBJC_ARC = YES;
				CLANG_WARN_BOOL_CONVERSION = YES;
				CLANG_WARN_CONSTANT_CONVERSION = YES;
				CLANG_WARN_DIRECT_OBJC_ISA_USAGE = YES_ERROR;
				CLANG_WARN_DOCUMENTATION_COMMENTS = YES;
				CLANG_WARN_EMPTY_BODY = YES;
				CLANG_WARN_ENUM_CONVERSION = YES;
				CLANG_WARN_INFINITE_RECURSION = YES;
				CLANG_WARN_INT_CONVERSION = YES;
				CLANG_WARN_OBJC_ROOT_CLASS = YES_ERROR;
				CLANG_WARN_SUSPICIOUS_MOVE = YES;
				CLANG_WARN_UNREACHABLE_CODE = YES;
				CLANG_WARN__DUPLICATE_METHOD_MATCH = YES;
				"CODE_SIGN_IDENTITY[sdk=iphoneos*]" = "iPhone Developer";
				COPY_PHASE_STRIP = NO;
				DEBUG_INFORMATION_FORMAT = dwarf;
				ENABLE_STRICT_OBJC_MSGSEND = YES;
				ENABLE_TESTABILITY = YES;
				GCC_C_LANGUAGE_STANDARD = gnu99;
				GCC_DYNAMIC_NO_PIC = NO;
				GCC_NO_COMMON_BLOCKS = YES;
				GCC_OPTIMIZATION_LEVEL = 0;
				GCC_PREPROCESSOR_DEFINITIONS = (
					"DEBUG=1",
					"$(inherited)",
				);
				GCC_WARN_64_TO_32_BIT_CONVERSION = YES;
				GCC_WARN_ABOUT_RETURN_TYPE = YES_ERROR;
				GCC_WARN_UNDECLARED_SELECTOR = YES;
				GCC_WARN_UNINITIALIZED_AUTOS = YES_AGGRESSIVE;
				GCC_WARN_UNUSED_FUNCTION = YES;
				GCC_WARN_UNUSED_VARIABLE = YES;
				IPHONEOS_DEPLOYMENT_TARGET = 10.2;
				MTL_ENABLE_DEBUG_INFO = YES;
				ONLY_ACTIVE_ARCH = YES;
				SDKROOT = iphoneos;
			};
			name = Debug;
		};
		D6F955421E83A56E00F7125E /* Release */ = {
			isa = XCBuildConfiguration;
			buildSettings = {
				ALWAYS_SEARCH_USER_PATHS = NO;
				CLANG_ANALYZER_NONNULL = YES;
				CLANG_CXX_LANGUAGE_STANDARD = "gnu++0x";
				CLANG_CXX_LIBRARY = "libc++";
				CLANG_ENABLE_MODULES = YES;
				CLANG_ENABLE_OBJC_ARC = YES;
				CLANG_WARN_BOOL_CONVERSION = YES;
				CLANG_WARN_CONSTANT_CONVERSION = YES;
				CLANG_WARN_DIRECT_OBJC_ISA_USAGE = YES_ERROR;
				CLANG_WARN_DOCUMENTATION_COMMENTS = YES;
				CLANG_WARN_EMPTY_BODY = YES;
				CLANG_WARN_ENUM_CONVERSION = YES;
				CLANG_WARN_INFINITE_RECURSION = YES;
				CLANG_WARN_INT_CONVERSION = YES;
				CLANG_WARN_OBJC_ROOT_CLASS = YES_ERROR;
				CLANG_WARN_SUSPICIOUS_MOVE = YES;
				CLANG_WARN_UNREACHABLE_CODE = YES;
				CLANG_WARN__DUPLICATE_METHOD_MATCH = YES;
				"CODE_SIGN_IDENTITY[sdk=iphoneos*]" = "iPhone Developer";
				COPY_PHASE_STRIP = NO;
				DEBUG_INFORMATION_FORMAT = "dwarf-with-dsym";
				ENABLE_NS_ASSERTIONS = NO;
				ENABLE_STRICT_OBJC_MSGSEND = YES;
				GCC_C_LANGUAGE_STANDARD = gnu99;
				GCC_NO_COMMON_BLOCKS = YES;
				GCC_WARN_64_TO_32_BIT_CONVERSION = YES;
				GCC_WARN_ABOUT_RETURN_TYPE = YES_ERROR;
				GCC_WARN_UNDECLARED_SELECTOR = YES;
				GCC_WARN_UNINITIALIZED_AUTOS = YES_AGGRESSIVE;
				GCC_WARN_UNUSED_FUNCTION = YES;
				GCC_WARN_UNUSED_VARIABLE = YES;
				IPHONEOS_DEPLOYMENT_TARGET = 10.2;
				MTL_ENABLE_DEBUG_INFO = NO;
				SDKROOT = iphoneos;
				VALIDATE_PRODUCT = YES;
			};
			name = Release;
		};
		D6F955441E83A56E00F7125E /* Debug */ = {
			isa = XCBuildConfiguration;
			buildSettings = {
				ASSETCATALOG_COMPILER_APPICON_NAME = AppIcon;
				DEVELOPMENT_TEAM = 9XXQS79WF8;
				INFOPLIST_FILE = SummaryExperiences/Info.plist;
				LD_RUNPATH_SEARCH_PATHS = "$(inherited) @executable_path/Frameworks";
				PRODUCT_BUNDLE_IDENTIFIER = com.liuyi.SummaryExperiences;
				PRODUCT_NAME = "$(TARGET_NAME)";
			};
			name = Debug;
		};
		D6F955451E83A56E00F7125E /* Release */ = {
			isa = XCBuildConfiguration;
			buildSettings = {
				ASSETCATALOG_COMPILER_APPICON_NAME = AppIcon;
				DEVELOPMENT_TEAM = 9XXQS79WF8;
				INFOPLIST_FILE = SummaryExperiences/Info.plist;
				LD_RUNPATH_SEARCH_PATHS = "$(inherited) @executable_path/Frameworks";
				PRODUCT_BUNDLE_IDENTIFIER = com.liuyi.SummaryExperiences;
				PRODUCT_NAME = "$(TARGET_NAME)";
			};
			name = Release;
		};
/* End XCBuildConfiguration section */

/* Begin XCConfigurationList section */
		D6F955271E83A56D00F7125E /* Build configuration list for PBXProject "SummaryExperiences" */ = {
			isa = XCConfigurationList;
			buildConfigurations = (
				D6F955411E83A56E00F7125E /* Debug */,
				D6F955421E83A56E00F7125E /* Release */,
			);
			defaultConfigurationIsVisible = 0;
			defaultConfigurationName = Release;
		};
		D6F955431E83A56E00F7125E /* Build configuration list for PBXNativeTarget "SummaryExperiences" */ = {
			isa = XCConfigurationList;
			buildConfigurations = (
				D6F955441E83A56E00F7125E /* Debug */,
				D6F955451E83A56E00F7125E /* Release */,
			);
			defaultConfigurationIsVisible = 0;
		};
/* End XCConfigurationList section */
	};
	rootObject = D6F955241E83A56D00F7125E /* Project object */;
}
