// !$*UTF8*$!
{
	archiveVersion = 1;
	classes = {
	};
	objectVersion = 46;
	objects = {

/* Begin PBXBuildFile section */
		39A77FA22724987DD96898BA /* libPods-SummaryExperiences.a in Frameworks */ = {isa = PBXBuildFile; fileRef = F386730CF30BEC30A431BF37 /* libPods-SummaryExperiences.a */; };
		D601C2D11EADD1FB00AA465C /* LYWaterFlowLayout.m in Sources */ = {isa = PBXBuildFile; fileRef = D601C2D01EADD1FB00AA465C /* LYWaterFlowLayout.m */; };
		D601C2D41EADD24D00AA465C /* LYLeftWaterAlignedLayout.m in Sources */ = {isa = PBXBuildFile; fileRef = D601C2D31EADD24D00AA465C /* LYLeftWaterAlignedLayout.m */; };
		D601C2D71EADD92300AA465C /* WaterFallController.m in Sources */ = {isa = PBXBuildFile; fileRef = D601C2D61EADD92300AA465C /* WaterFallController.m */; };
		D60C33161EA608A500F6683A /* LYCalendarCell.m in Sources */ = {isa = PBXBuildFile; fileRef = D60C33141EA608A500F6683A /* LYCalendarCell.m */; };
		D60C33171EA608A500F6683A /* LYCalendarCell.xib in Resources */ = {isa = PBXBuildFile; fileRef = D60C33151EA608A500F6683A /* LYCalendarCell.xib */; };
		D6210CBA1EAF3F9100B0FB8B /* ChiceController.m in Sources */ = {isa = PBXBuildFile; fileRef = D6210CB91EAF3F9100B0FB8B /* ChiceController.m */; };
		D62A361F1EB0A1C100DEB3E6 /* SegmentController.m in Sources */ = {isa = PBXBuildFile; fileRef = D62A361E1EB0A1C100DEB3E6 /* SegmentController.m */; };
		D62A36371EB0A33E00DEB3E6 /* CollectionReusableView.m in Sources */ = {isa = PBXBuildFile; fileRef = D62A36211EB0A33E00DEB3E6 /* CollectionReusableView.m */; };
		D62A36381EB0A33E00DEB3E6 /* LeftTabelView.m in Sources */ = {isa = PBXBuildFile; fileRef = D62A36231EB0A33E00DEB3E6 /* LeftTabelView.m */; };
		D62A36391EB0A33E00DEB3E6 /* liwushuo.json in Resources */ = {isa = PBXBuildFile; fileRef = D62A36241EB0A33E00DEB3E6 /* liwushuo.json */; };
		D62A363A1EB0A33E00DEB3E6 /* LJCollectionViewFlowLayout.m in Sources */ = {isa = PBXBuildFile; fileRef = D62A36261EB0A33E00DEB3E6 /* LJCollectionViewFlowLayout.m */; };
		D62A363B1EB0A33E00DEB3E6 /* meituan.json in Resources */ = {isa = PBXBuildFile; fileRef = D62A36271EB0A33E00DEB3E6 /* meituan.json */; };
		D62A363C1EB0A33E00DEB3E6 /* CategoryModel.m in Sources */ = {isa = PBXBuildFile; fileRef = D62A362A1EB0A33E00DEB3E6 /* CategoryModel.m */; };
		D62A363D1EB0A33E00DEB3E6 /* CollectionCategoryModel.m in Sources */ = {isa = PBXBuildFile; fileRef = D62A362C1EB0A33E00DEB3E6 /* CollectionCategoryModel.m */; };
		D62A363E1EB0A33E00DEB3E6 /* RightCell.m in Sources */ = {isa = PBXBuildFile; fileRef = D62A362E1EB0A33E00DEB3E6 /* RightCell.m */; };
		D62A363F1EB0A33E00DEB3E6 /* RightCell.xib in Resources */ = {isa = PBXBuildFile; fileRef = D62A362F1EB0A33E00DEB3E6 /* RightCell.xib */; };
		D62A36401EB0A33E00DEB3E6 /* RightCollectionCell.m in Sources */ = {isa = PBXBuildFile; fileRef = D62A36311EB0A33E00DEB3E6 /* RightCollectionCell.m */; };
		D62A36411EB0A33E00DEB3E6 /* RightCollectionCell.xib in Resources */ = {isa = PBXBuildFile; fileRef = D62A36321EB0A33E00DEB3E6 /* RightCollectionCell.xib */; };
		D62A36421EB0A33E00DEB3E6 /* RightCollectionView.m in Sources */ = {isa = PBXBuildFile; fileRef = D62A36341EB0A33E00DEB3E6 /* RightCollectionView.m */; };
		D62A36431EB0A33E00DEB3E6 /* RightTableView.m in Sources */ = {isa = PBXBuildFile; fileRef = D62A36361EB0A33E00DEB3E6 /* RightTableView.m */; };
		D66D05AE1EA9A49B0020A27A /* CartModel.m in Sources */ = {isa = PBXBuildFile; fileRef = D66D05A01EA9A49B0020A27A /* CartModel.m */; };
		D66D05AF1EA9A49B0020A27A /* CartTableViewCell.m in Sources */ = {isa = PBXBuildFile; fileRef = D66D05A21EA9A49B0020A27A /* CartTableViewCell.m */; };
		D66D05B01EA9A49B0020A27A /* CartViewController.m in Sources */ = {isa = PBXBuildFile; fileRef = D66D05A41EA9A49B0020A27A /* CartViewController.m */; };
		D66D05B11EA9A49B0020A27A /* back_button@2x.png in Resources */ = {isa = PBXBuildFile; fileRef = D66D05A61EA9A49B0020A27A /* back_button@2x.png */; };
		D66D05B21EA9A49B0020A27A /* cart_addBtn_highlight@2x.png in Resources */ = {isa = PBXBuildFile; fileRef = D66D05A71EA9A49B0020A27A /* cart_addBtn_highlight@2x.png */; };
		D66D05B31EA9A49B0020A27A /* cart_addBtn_nomal@2x.png in Resources */ = {isa = PBXBuildFile; fileRef = D66D05A81EA9A49B0020A27A /* cart_addBtn_nomal@2x.png */; };
		D66D05B41EA9A49B0020A27A /* cart_cutBtn_highlight@2x.png in Resources */ = {isa = PBXBuildFile; fileRef = D66D05A91EA9A49B0020A27A /* cart_cutBtn_highlight@2x.png */; };
		D66D05B51EA9A49B0020A27A /* cart_cutBtn_nomal@2x.png in Resources */ = {isa = PBXBuildFile; fileRef = D66D05AA1EA9A49B0020A27A /* cart_cutBtn_nomal@2x.png */; };
		D66D05B61EA9A49B0020A27A /* cart_default_bg.png in Resources */ = {isa = PBXBuildFile; fileRef = D66D05AB1EA9A49B0020A27A /* cart_default_bg.png */; };
		D66D05B71EA9A49B0020A27A /* cart_selected_btn@2x.png in Resources */ = {isa = PBXBuildFile; fileRef = D66D05AC1EA9A49B0020A27A /* cart_selected_btn@2x.png */; };
		D66D05B81EA9A49B0020A27A /* cart_unSelect_btn@2x.png in Resources */ = {isa = PBXBuildFile; fileRef = D66D05AD1EA9A49B0020A27A /* cart_unSelect_btn@2x.png */; };
		D66D05BA1EA9A6700020A27A /* cart_shop.png in Resources */ = {isa = PBXBuildFile; fileRef = D66D05B91EA9A6700020A27A /* cart_shop.png */; };
		D699D0641EA9FDEB00A4563A /* img_close.png in Resources */ = {isa = PBXBuildFile; fileRef = D699D0591EA9FDEB00A4563A /* img_close.png */; };
		D699D0651EA9FDEB00A4563A /* img_open.png in Resources */ = {isa = PBXBuildFile; fileRef = D699D05A1EA9FDEB00A4563A /* img_open.png */; };
		D699D0661EA9FDEB00A4563A /* TreeCell.m in Sources */ = {isa = PBXBuildFile; fileRef = D699D05C1EA9FDEB00A4563A /* TreeCell.m */; };
		D699D0671EA9FDEB00A4563A /* TreeCell.xib in Resources */ = {isa = PBXBuildFile; fileRef = D699D05D1EA9FDEB00A4563A /* TreeCell.xib */; };
		D699D0681EA9FDEB00A4563A /* treeList.plist in Resources */ = {isa = PBXBuildFile; fileRef = D699D05E1EA9FDEB00A4563A /* treeList.plist */; };
		D699D0691EA9FDEB00A4563A /* TreeModel.m in Sources */ = {isa = PBXBuildFile; fileRef = D699D0601EA9FDEB00A4563A /* TreeModel.m */; };
		D699D06A1EA9FDEB00A4563A /* TreeViewController.m in Sources */ = {isa = PBXBuildFile; fileRef = D699D0621EA9FDEB00A4563A /* TreeViewController.m */; };
		D6A8AAAF1E83BD3700FDB279 /* UIView+ViewController.m in Sources */ = {isa = PBXBuildFile; fileRef = D6A8AAAE1E83BD3700FDB279 /* UIView+ViewController.m */; };
		D6A8AAB71E83C17200FDB279 /* UIColor+Hex.m in Sources */ = {isa = PBXBuildFile; fileRef = D6A8AAB61E83C17200FDB279 /* UIColor+Hex.m */; };
		D6A8AABA1E83C30C00FDB279 /* UIImageView+CircleImage.m in Sources */ = {isa = PBXBuildFile; fileRef = D6A8AAB91E83C30C00FDB279 /* UIImageView+CircleImage.m */; };
		D6A8AABE1E83C42500FDB279 /* UIViewExt.m in Sources */ = {isa = PBXBuildFile; fileRef = D6A8AABD1E83C42500FDB279 /* UIViewExt.m */; };
		D6A8AAC41E83C60600FDB279 /* CalendarController.m in Sources */ = {isa = PBXBuildFile; fileRef = D6A8AAC31E83C60600FDB279 /* CalendarController.m */; };
		D6A8AAC71E83CAAD00FDB279 /* LYCalendarPicker.m in Sources */ = {isa = PBXBuildFile; fileRef = D6A8AAC61E83CAAD00FDB279 /* LYCalendarPicker.m */; };
		D6F417901EA84831004DD115 /* bt_next@2x.png in Resources */ = {isa = PBXBuildFile; fileRef = D6F4178E1EA84831004DD115 /* bt_next@2x.png */; };
		D6F417911EA84831004DD115 /* bt_previous@2x.png in Resources */ = {isa = PBXBuildFile; fileRef = D6F4178F1EA84831004DD115 /* bt_previous@2x.png */; };
		D6F955311E83A56E00F7125E /* main.m in Sources */ = {isa = PBXBuildFile; fileRef = D6F955301E83A56E00F7125E /* main.m */; };
		D6F955341E83A56E00F7125E /* AppDelegate.m in Sources */ = {isa = PBXBuildFile; fileRef = D6F955331E83A56E00F7125E /* AppDelegate.m */; };
		D6F955371E83A56E00F7125E /* ViewController.m in Sources */ = {isa = PBXBuildFile; fileRef = D6F955361E83A56E00F7125E /* ViewController.m */; };
		D6F9553A1E83A56E00F7125E /* Main.storyboard in Resources */ = {isa = PBXBuildFile; fileRef = D6F955381E83A56E00F7125E /* Main.storyboard */; };
		D6F9553C1E83A56E00F7125E /* Assets.xcassets in Resources */ = {isa = PBXBuildFile; fileRef = D6F9553B1E83A56E00F7125E /* Assets.xcassets */; };
		D6F9553F1E83A56E00F7125E /* LaunchScreen.storyboard in Resources */ = {isa = PBXBuildFile; fileRef = D6F9553D1E83A56E00F7125E /* LaunchScreen.storyboard */; };
/* End PBXBuildFile section */

/* Begin PBXFileReference section */
		1C7339235D82D297DC6CFCF1 /* Pods-SummaryExperiences.release.xcconfig */ = {isa = PBXFileReference; includeInIndex = 1; lastKnownFileType = text.xcconfig; name = "Pods-SummaryExperiences.release.xcconfig"; path = "Pods/Target Support Files/Pods-SummaryExperiences/Pods-SummaryExperiences.release.xcconfig"; sourceTree = "<group>"; };
		A0DA7CB711932A3C56E6D65C /* Pods-SummaryExperiences.debug.xcconfig */ = {isa = PBXFileReference; includeInIndex = 1; lastKnownFileType = text.xcconfig; name = "Pods-SummaryExperiences.debug.xcconfig"; path = "Pods/Target Support Files/Pods-SummaryExperiences/Pods-SummaryExperiences.debug.xcconfig"; sourceTree = "<group>"; };
		D601C2CF1EADD1FB00AA465C /* LYWaterFlowLayout.h */ = {isa = PBXFileReference; fileEncoding = 4; lastKnownFileType = sourcecode.c.h; path = LYWaterFlowLayout.h; sourceTree = "<group>"; };
		D601C2D01EADD1FB00AA465C /* LYWaterFlowLayout.m */ = {isa = PBXFileReference; fileEncoding = 4; lastKnownFileType = sourcecode.c.objc; path = LYWaterFlowLayout.m; sourceTree = "<group>"; };
		D601C2D21EADD24D00AA465C /* LYLeftWaterAlignedLayout.h */ = {isa = PBXFileReference; fileEncoding = 4; lastKnownFileType = sourcecode.c.h; path = LYLeftWaterAlignedLayout.h; sourceTree = "<group>"; };
		D601C2D31EADD24D00AA465C /* LYLeftWaterAlignedLayout.m */ = {isa = PBXFileReference; fileEncoding = 4; lastKnownFileType = sourcecode.c.objc; path = LYLeftWaterAlignedLayout.m; sourceTree = "<group>"; };
		D601C2D51EADD92300AA465C /* WaterFallController.h */ = {isa = PBXFileReference; fileEncoding = 4; lastKnownFileType = sourcecode.c.h; path = WaterFallController.h; sourceTree = "<group>"; };
		D601C2D61EADD92300AA465C /* WaterFallController.m */ = {isa = PBXFileReference; fileEncoding = 4; lastKnownFileType = sourcecode.c.objc; path = WaterFallController.m; sourceTree = "<group>"; };
		D60C33131EA608A500F6683A /* LYCalendarCell.h */ = {isa = PBXFileReference; fileEncoding = 4; lastKnownFileType = sourcecode.c.h; path = LYCalendarCell.h; sourceTree = "<group>"; };
		D60C33141EA608A500F6683A /* LYCalendarCell.m */ = {isa = PBXFileReference; fileEncoding = 4; lastKnownFileType = sourcecode.c.objc; path = LYCalendarCell.m; sourceTree = "<group>"; };
		D60C33151EA608A500F6683A /* LYCalendarCell.xib */ = {isa = PBXFileReference; fileEncoding = 4; lastKnownFileType = file.xib; path = LYCalendarCell.xib; sourceTree = "<group>"; };
		D6210CB81EAF3F9100B0FB8B /* ChiceController.h */ = {isa = PBXFileReference; fileEncoding = 4; lastKnownFileType = sourcecode.c.h; path = ChiceController.h; sourceTree = "<group>"; };
		D6210CB91EAF3F9100B0FB8B /* ChiceController.m */ = {isa = PBXFileReference; fileEncoding = 4; lastKnownFileType = sourcecode.c.objc; path = ChiceController.m; sourceTree = "<group>"; };
		D62A361D1EB0A1C100DEB3E6 /* SegmentController.h */ = {isa = PBXFileReference; fileEncoding = 4; lastKnownFileType = sourcecode.c.h; path = SegmentController.h; sourceTree = "<group>"; };
		D62A361E1EB0A1C100DEB3E6 /* SegmentController.m */ = {isa = PBXFileReference; fileEncoding = 4; lastKnownFileType = sourcecode.c.objc; path = SegmentController.m; sourceTree = "<group>"; };
		D62A36201EB0A33E00DEB3E6 /* CollectionReusableView.h */ = {isa = PBXFileReference; fileEncoding = 4; lastKnownFileType = sourcecode.c.h; path = CollectionReusableView.h; sourceTree = "<group>"; };
		D62A36211EB0A33E00DEB3E6 /* CollectionReusableView.m */ = {isa = PBXFileReference; fileEncoding = 4; lastKnownFileType = sourcecode.c.objc; path = CollectionReusableView.m; sourceTree = "<group>"; };
		D62A36221EB0A33E00DEB3E6 /* LeftTabelView.h */ = {isa = PBXFileReference; fileEncoding = 4; lastKnownFileType = sourcecode.c.h; path = LeftTabelView.h; sourceTree = "<group>"; };
		D62A36231EB0A33E00DEB3E6 /* LeftTabelView.m */ = {isa = PBXFileReference; fileEncoding = 4; lastKnownFileType = sourcecode.c.objc; path = LeftTabelView.m; sourceTree = "<group>"; };
		D62A36241EB0A33E00DEB3E6 /* liwushuo.json */ = {isa = PBXFileReference; fileEncoding = 4; lastKnownFileType = text.json; path = liwushuo.json; sourceTree = "<group>"; };
		D62A36251EB0A33E00DEB3E6 /* LJCollectionViewFlowLayout.h */ = {isa = PBXFileReference; fileEncoding = 4; lastKnownFileType = sourcecode.c.h; path = LJCollectionViewFlowLayout.h; sourceTree = "<group>"; };
		D62A36261EB0A33E00DEB3E6 /* LJCollectionViewFlowLayout.m */ = {isa = PBXFileReference; fileEncoding = 4; lastKnownFileType = sourcecode.c.objc; path = LJCollectionViewFlowLayout.m; sourceTree = "<group>"; };
		D62A36271EB0A33E00DEB3E6 /* meituan.json */ = {isa = PBXFileReference; fileEncoding = 4; lastKnownFileType = text.json; path = meituan.json; sourceTree = "<group>"; };
		D62A36291EB0A33E00DEB3E6 /* CategoryModel.h */ = {isa = PBXFileReference; fileEncoding = 4; lastKnownFileType = sourcecode.c.h; path = CategoryModel.h; sourceTree = "<group>"; };
		D62A362A1EB0A33E00DEB3E6 /* CategoryModel.m */ = {isa = PBXFileReference; fileEncoding = 4; lastKnownFileType = sourcecode.c.objc; path = CategoryModel.m; sourceTree = "<group>"; };
		D62A362B1EB0A33E00DEB3E6 /* CollectionCategoryModel.h */ = {isa = PBXFileReference; fileEncoding = 4; lastKnownFileType = sourcecode.c.h; path = CollectionCategoryModel.h; sourceTree = "<group>"; };
		D62A362C1EB0A33E00DEB3E6 /* CollectionCategoryModel.m */ = {isa = PBXFileReference; fileEncoding = 4; lastKnownFileType = sourcecode.c.objc; path = CollectionCategoryModel.m; sourceTree = "<group>"; };
		D62A362D1EB0A33E00DEB3E6 /* RightCell.h */ = {isa = PBXFileReference; fileEncoding = 4; lastKnownFileType = sourcecode.c.h; path = RightCell.h; sourceTree = "<group>"; };
		D62A362E1EB0A33E00DEB3E6 /* RightCell.m */ = {isa = PBXFileReference; fileEncoding = 4; lastKnownFileType = sourcecode.c.objc; path = RightCell.m; sourceTree = "<group>"; };
		D62A362F1EB0A33E00DEB3E6 /* RightCell.xib */ = {isa = PBXFileReference; fileEncoding = 4; lastKnownFileType = file.xib; path = RightCell.xib; sourceTree = "<group>"; };
		D62A36301EB0A33E00DEB3E6 /* RightCollectionCell.h */ = {isa = PBXFileReference; fileEncoding = 4; lastKnownFileType = sourcecode.c.h; path = RightCollectionCell.h; sourceTree = "<group>"; };
		D62A36311EB0A33E00DEB3E6 /* RightCollectionCell.m */ = {isa = PBXFileReference; fileEncoding = 4; lastKnownFileType = sourcecode.c.objc; path = RightCollectionCell.m; sourceTree = "<group>"; };
		D62A36321EB0A33E00DEB3E6 /* RightCollectionCell.xib */ = {isa = PBXFileReference; fileEncoding = 4; lastKnownFileType = file.xib; path = RightCollectionCell.xib; sourceTree = "<group>"; };
		D62A36331EB0A33E00DEB3E6 /* RightCollectionView.h */ = {isa = PBXFileReference; fileEncoding = 4; lastKnownFileType = sourcecode.c.h; path = RightCollectionView.h; sourceTree = "<group>"; };
		D62A36341EB0A33E00DEB3E6 /* RightCollectionView.m */ = {isa = PBXFileReference; fileEncoding = 4; lastKnownFileType = sourcecode.c.objc; path = RightCollectionView.m; sourceTree = "<group>"; };
		D62A36351EB0A33E00DEB3E6 /* RightTableView.h */ = {isa = PBXFileReference; fileEncoding = 4; lastKnownFileType = sourcecode.c.h; path = RightTableView.h; sourceTree = "<group>"; };
		D62A36361EB0A33E00DEB3E6 /* RightTableView.m */ = {isa = PBXFileReference; fileEncoding = 4; lastKnownFileType = sourcecode.c.objc; path = RightTableView.m; sourceTree = "<group>"; };
		D66D059F1EA9A49B0020A27A /* CartModel.h */ = {isa = PBXFileReference; fileEncoding = 4; lastKnownFileType = sourcecode.c.h; path = CartModel.h; sourceTree = "<group>"; };
		D66D05A01EA9A49B0020A27A /* CartModel.m */ = {isa = PBXFileReference; fileEncoding = 4; lastKnownFileType = sourcecode.c.objc; path = CartModel.m; sourceTree = "<group>"; };
		D66D05A11EA9A49B0020A27A /* CartTableViewCell.h */ = {isa = PBXFileReference; fileEncoding = 4; lastKnownFileType = sourcecode.c.h; path = CartTableViewCell.h; sourceTree = "<group>"; };
		D66D05A21EA9A49B0020A27A /* CartTableViewCell.m */ = {isa = PBXFileReference; fileEncoding = 4; lastKnownFileType = sourcecode.c.objc; path = CartTableViewCell.m; sourceTree = "<group>"; };
		D66D05A31EA9A49B0020A27A /* CartViewController.h */ = {isa = PBXFileReference; fileEncoding = 4; lastKnownFileType = sourcecode.c.h; path = CartViewController.h; sourceTree = "<group>"; };
		D66D05A41EA9A49B0020A27A /* CartViewController.m */ = {isa = PBXFileReference; fileEncoding = 4; lastKnownFileType = sourcecode.c.objc; path = CartViewController.m; sourceTree = "<group>"; };
		D66D05A61EA9A49B0020A27A /* back_button@2x.png */ = {isa = PBXFileReference; lastKnownFileType = image.png; path = "back_button@2x.png"; sourceTree = "<group>"; };
		D66D05A71EA9A49B0020A27A /* cart_addBtn_highlight@2x.png */ = {isa = PBXFileReference; lastKnownFileType = image.png; path = "cart_addBtn_highlight@2x.png"; sourceTree = "<group>"; };
		D66D05A81EA9A49B0020A27A /* cart_addBtn_nomal@2x.png */ = {isa = PBXFileReference; lastKnownFileType = image.png; path = "cart_addBtn_nomal@2x.png"; sourceTree = "<group>"; };
		D66D05A91EA9A49B0020A27A /* cart_cutBtn_highlight@2x.png */ = {isa = PBXFileReference; lastKnownFileType = image.png; path = "cart_cutBtn_highlight@2x.png"; sourceTree = "<group>"; };
		D66D05AA1EA9A49B0020A27A /* cart_cutBtn_nomal@2x.png */ = {isa = PBXFileReference; lastKnownFileType = image.png; path = "cart_cutBtn_nomal@2x.png"; sourceTree = "<group>"; };
		D66D05AB1EA9A49B0020A27A /* cart_default_bg.png */ = {isa = PBXFileReference; lastKnownFileType = image.png; path = cart_default_bg.png; sourceTree = "<group>"; };
		D66D05AC1EA9A49B0020A27A /* cart_selected_btn@2x.png */ = {isa = PBXFileReference; lastKnownFileType = image.png; path = "cart_selected_btn@2x.png"; sourceTree = "<group>"; };
		D66D05AD1EA9A49B0020A27A /* cart_unSelect_btn@2x.png */ = {isa = PBXFileReference; lastKnownFileType = image.png; path = "cart_unSelect_btn@2x.png"; sourceTree = "<group>"; };
		D66D05B91EA9A6700020A27A /* cart_shop.png */ = {isa = PBXFileReference; lastKnownFileType = image.png; path = cart_shop.png; sourceTree = "<group>"; };
		D699D0591EA9FDEB00A4563A /* img_close.png */ = {isa = PBXFileReference; lastKnownFileType = image.png; path = img_close.png; sourceTree = "<group>"; };
		D699D05A1EA9FDEB00A4563A /* img_open.png */ = {isa = PBXFileReference; lastKnownFileType = image.png; path = img_open.png; sourceTree = "<group>"; };
		D699D05B1EA9FDEB00A4563A /* TreeCell.h */ = {isa = PBXFileReference; fileEncoding = 4; lastKnownFileType = sourcecode.c.h; path = TreeCell.h; sourceTree = "<group>"; };
		D699D05C1EA9FDEB00A4563A /* TreeCell.m */ = {isa = PBXFileReference; fileEncoding = 4; lastKnownFileType = sourcecode.c.objc; path = TreeCell.m; sourceTree = "<group>"; };
		D699D05D1EA9FDEB00A4563A /* TreeCell.xib */ = {isa = PBXFileReference; fileEncoding = 4; lastKnownFileType = file.xib; path = TreeCell.xib; sourceTree = "<group>"; };
		D699D05E1EA9FDEB00A4563A /* treeList.plist */ = {isa = PBXFileReference; fileEncoding = 4; lastKnownFileType = text.plist.xml; path = treeList.plist; sourceTree = "<group>"; };
		D699D05F1EA9FDEB00A4563A /* TreeModel.h */ = {isa = PBXFileReference; fileEncoding = 4; lastKnownFileType = sourcecode.c.h; path = TreeModel.h; sourceTree = "<group>"; };
		D699D0601EA9FDEB00A4563A /* TreeModel.m */ = {isa = PBXFileReference; fileEncoding = 4; lastKnownFileType = sourcecode.c.objc; path = TreeModel.m; sourceTree = "<group>"; };
		D699D0611EA9FDEB00A4563A /* TreeViewController.h */ = {isa = PBXFileReference; fileEncoding = 4; lastKnownFileType = sourcecode.c.h; path = TreeViewController.h; sourceTree = "<group>"; };
		D699D0621EA9FDEB00A4563A /* TreeViewController.m */ = {isa = PBXFileReference; fileEncoding = 4; lastKnownFileType = sourcecode.c.objc; path = TreeViewController.m; sourceTree = "<group>"; };
		D6A8AAAC1E83B65F00FDB279 /* PrefixHeader.pch */ = {isa = PBXFileReference; lastKnownFileType = sourcecode.c.h; path = PrefixHeader.pch; sourceTree = "<group>"; };
		D6A8AAAD1E83BD3700FDB279 /* UIView+ViewController.h */ = {isa = PBXFileReference; fileEncoding = 4; lastKnownFileType = sourcecode.c.h; path = "UIView+ViewController.h"; sourceTree = "<group>"; };
		D6A8AAAE1E83BD3700FDB279 /* UIView+ViewController.m */ = {isa = PBXFileReference; fileEncoding = 4; lastKnownFileType = sourcecode.c.objc; path = "UIView+ViewController.m"; sourceTree = "<group>"; };
		D6A8AAB51E83C17200FDB279 /* UIColor+Hex.h */ = {isa = PBXFileReference; fileEncoding = 4; lastKnownFileType = sourcecode.c.h; path = "UIColor+Hex.h"; sourceTree = "<group>"; };
		D6A8AAB61E83C17200FDB279 /* UIColor+Hex.m */ = {isa = PBXFileReference; fileEncoding = 4; lastKnownFileType = sourcecode.c.objc; path = "UIColor+Hex.m"; sourceTree = "<group>"; };
		D6A8AAB81E83C30C00FDB279 /* UIImageView+CircleImage.h */ = {isa = PBXFileReference; fileEncoding = 4; lastKnownFileType = sourcecode.c.h; path = "UIImageView+CircleImage.h"; sourceTree = "<group>"; };
		D6A8AAB91E83C30C00FDB279 /* UIImageView+CircleImage.m */ = {isa = PBXFileReference; fileEncoding = 4; lastKnownFileType = sourcecode.c.objc; path = "UIImageView+CircleImage.m"; sourceTree = "<group>"; };
		D6A8AABC1E83C42500FDB279 /* UIViewExt.h */ = {isa = PBXFileReference; fileEncoding = 4; lastKnownFileType = sourcecode.c.h; path = UIViewExt.h; sourceTree = "<group>"; };
		D6A8AABD1E83C42500FDB279 /* UIViewExt.m */ = {isa = PBXFileReference; fileEncoding = 4; lastKnownFileType = sourcecode.c.objc; path = UIViewExt.m; sourceTree = "<group>"; };
		D6A8AAC21E83C60600FDB279 /* CalendarController.h */ = {isa = PBXFileReference; fileEncoding = 4; lastKnownFileType = sourcecode.c.h; path = CalendarController.h; sourceTree = "<group>"; };
		D6A8AAC31E83C60600FDB279 /* CalendarController.m */ = {isa = PBXFileReference; fileEncoding = 4; lastKnownFileType = sourcecode.c.objc; path = CalendarController.m; sourceTree = "<group>"; };
		D6A8AAC51E83CAAD00FDB279 /* LYCalendarPicker.h */ = {isa = PBXFileReference; fileEncoding = 4; lastKnownFileType = sourcecode.c.h; path = LYCalendarPicker.h; sourceTree = "<group>"; };
		D6A8AAC61E83CAAD00FDB279 /* LYCalendarPicker.m */ = {isa = PBXFileReference; fileEncoding = 4; lastKnownFileType = sourcecode.c.objc; path = LYCalendarPicker.m; sourceTree = "<group>"; };
		D6F4178E1EA84831004DD115 /* bt_next@2x.png */ = {isa = PBXFileReference; lastKnownFileType = image.png; path = "bt_next@2x.png"; sourceTree = "<group>"; };
		D6F4178F1EA84831004DD115 /* bt_previous@2x.png */ = {isa = PBXFileReference; lastKnownFileType = image.png; path = "bt_previous@2x.png"; sourceTree = "<group>"; };
		D6F9552C1E83A56E00F7125E /* SummaryExperiences.app */ = {isa = PBXFileReference; explicitFileType = wrapper.application; includeInIndex = 0; path = SummaryExperiences.app; sourceTree = BUILT_PRODUCTS_DIR; };
		D6F955301E83A56E00F7125E /* main.m */ = {isa = PBXFileReference; lastKnownFileType = sourcecode.c.objc; path = main.m; sourceTree = "<group>"; };
		D6F955321E83A56E00F7125E /* AppDelegate.h */ = {isa = PBXFileReference; lastKnownFileType = sourcecode.c.h; path = AppDelegate.h; sourceTree = "<group>"; };
		D6F955331E83A56E00F7125E /* AppDelegate.m */ = {isa = PBXFileReference; lastKnownFileType = sourcecode.c.objc; path = AppDelegate.m; sourceTree = "<group>"; };
		D6F955351E83A56E00F7125E /* ViewController.h */ = {isa = PBXFileReference; lastKnownFileType = sourcecode.c.h; path = ViewController.h; sourceTree = "<group>"; };
		D6F955361E83A56E00F7125E /* ViewController.m */ = {isa = PBXFileReference; lastKnownFileType = sourcecode.c.objc; path = ViewController.m; sourceTree = "<group>"; };
		D6F955391E83A56E00F7125E /* Base */ = {isa = PBXFileReference; lastKnownFileType = file.storyboard; name = Base; path = Base.lproj/Main.storyboard; sourceTree = "<group>"; };
		D6F9553B1E83A56E00F7125E /* Assets.xcassets */ = {isa = PBXFileReference; lastKnownFileType = folder.assetcatalog; path = Assets.xcassets; sourceTree = "<group>"; };
		D6F9553E1E83A56E00F7125E /* Base */ = {isa = PBXFileReference; lastKnownFileType = file.storyboard; name = Base; path = Base.lproj/LaunchScreen.storyboard; sourceTree = "<group>"; };
		D6F955401E83A56E00F7125E /* Info.plist */ = {isa = PBXFileReference; lastKnownFileType = text.plist.xml; path = Info.plist; sourceTree = "<group>"; };
		F386730CF30BEC30A431BF37 /* libPods-SummaryExperiences.a */ = {isa = PBXFileReference; explicitFileType = archive.ar; includeInIndex = 0; path = "libPods-SummaryExperiences.a"; sourceTree = BUILT_PRODUCTS_DIR; };
/* End PBXFileReference section */

/* Begin PBXFrameworksBuildPhase section */
		D6F955291E83A56D00F7125E /* Frameworks */ = {
			isa = PBXFrameworksBuildPhase;
			buildActionMask = 2147483647;
			files = (
				39A77FA22724987DD96898BA /* libPods-SummaryExperiences.a in Frameworks */,
			);
			runOnlyForDeploymentPostprocessing = 0;
		};
/* End PBXFrameworksBuildPhase section */

/* Begin PBXGroup section */
		C3090AB5C16EE5672115FABA /* Frameworks */ = {
			isa = PBXGroup;
			children = (
				F386730CF30BEC30A431BF37 /* libPods-SummaryExperiences.a */,
			);
			name = Frameworks;
			sourceTree = "<group>";
		};
		D1A64461B7883894115A79A3 /* Pods */ = {
			isa = PBXGroup;
			children = (
				A0DA7CB711932A3C56E6D65C /* Pods-SummaryExperiences.debug.xcconfig */,
				1C7339235D82D297DC6CFCF1 /* Pods-SummaryExperiences.release.xcconfig */,
			);
			name = Pods;
			sourceTree = "<group>";
		};
		D601C2CE1EADD1CF00AA465C /* WaterFall */ = {
			isa = PBXGroup;
			children = (
				D601C2D21EADD24D00AA465C /* LYLeftWaterAlignedLayout.h */,
				D601C2D31EADD24D00AA465C /* LYLeftWaterAlignedLayout.m */,
				D601C2CF1EADD1FB00AA465C /* LYWaterFlowLayout.h */,
				D601C2D01EADD1FB00AA465C /* LYWaterFlowLayout.m */,
				D601C2D51EADD92300AA465C /* WaterFallController.h */,
				D601C2D61EADD92300AA465C /* WaterFallController.m */,
			);
			path = WaterFall;
			sourceTree = "<group>";
		};
		D6210CB71EAF3F7700B0FB8B /* Chice */ = {
			isa = PBXGroup;
			children = (
				D6210CB81EAF3F9100B0FB8B /* ChiceController.h */,
				D6210CB91EAF3F9100B0FB8B /* ChiceController.m */,
			);
			path = Chice;
			sourceTree = "<group>";
		};
		D62A361C1EB0A1A700DEB3E6 /* Segment */ = {
			isa = PBXGroup;
			children = (
				D62A36201EB0A33E00DEB3E6 /* CollectionReusableView.h */,
				D62A36211EB0A33E00DEB3E6 /* CollectionReusableView.m */,
				D62A36221EB0A33E00DEB3E6 /* LeftTabelView.h */,
				D62A36231EB0A33E00DEB3E6 /* LeftTabelView.m */,
				D62A36241EB0A33E00DEB3E6 /* liwushuo.json */,
				D62A36251EB0A33E00DEB3E6 /* LJCollectionViewFlowLayout.h */,
				D62A36261EB0A33E00DEB3E6 /* LJCollectionViewFlowLayout.m */,
				D62A36271EB0A33E00DEB3E6 /* meituan.json */,
				D62A36281EB0A33E00DEB3E6 /* Model */,
				D62A362D1EB0A33E00DEB3E6 /* RightCell.h */,
				D62A362E1EB0A33E00DEB3E6 /* RightCell.m */,
				D62A362F1EB0A33E00DEB3E6 /* RightCell.xib */,
				D62A36301EB0A33E00DEB3E6 /* RightCollectionCell.h */,
				D62A36311EB0A33E00DEB3E6 /* RightCollectionCell.m */,
				D62A36321EB0A33E00DEB3E6 /* RightCollectionCell.xib */,
				D62A36331EB0A33E00DEB3E6 /* RightCollectionView.h */,
				D62A36341EB0A33E00DEB3E6 /* RightCollectionView.m */,
				D62A36351EB0A33E00DEB3E6 /* RightTableView.h */,
				D62A36361EB0A33E00DEB3E6 /* RightTableView.m */,
				D62A361D1EB0A1C100DEB3E6 /* SegmentController.h */,
				D62A361E1EB0A1C100DEB3E6 /* SegmentController.m */,
			);
			path = Segment;
			sourceTree = "<group>";
		};
		D62A36281EB0A33E00DEB3E6 /* Model */ = {
			isa = PBXGroup;
			children = (
				D62A36291EB0A33E00DEB3E6 /* CategoryModel.h */,
				D62A362A1EB0A33E00DEB3E6 /* CategoryModel.m */,
				D62A362B1EB0A33E00DEB3E6 /* CollectionCategoryModel.h */,
				D62A362C1EB0A33E00DEB3E6 /* CollectionCategoryModel.m */,
			);
			path = Model;
			sourceTree = "<group>";
		};
		D66D059E1EA9A49B0020A27A /* Cart */ = {
			isa = PBXGroup;
			children = (
				D66D059F1EA9A49B0020A27A /* CartModel.h */,
				D66D05A01EA9A49B0020A27A /* CartModel.m */,
				D66D05A11EA9A49B0020A27A /* CartTableViewCell.h */,
				D66D05A21EA9A49B0020A27A /* CartTableViewCell.m */,
				D66D05A31EA9A49B0020A27A /* CartViewController.h */,
				D66D05A41EA9A49B0020A27A /* CartViewController.m */,
				D66D05A51EA9A49B0020A27A /* icons */,
			);
			path = Cart;
			sourceTree = "<group>";
		};
		D66D05A51EA9A49B0020A27A /* icons */ = {
			isa = PBXGroup;
			children = (
				D66D05B91EA9A6700020A27A /* cart_shop.png */,
				D66D05A61EA9A49B0020A27A /* back_button@2x.png */,
				D66D05A71EA9A49B0020A27A /* cart_addBtn_highlight@2x.png */,
				D66D05A81EA9A49B0020A27A /* cart_addBtn_nomal@2x.png */,
				D66D05A91EA9A49B0020A27A /* cart_cutBtn_highlight@2x.png */,
				D66D05AA1EA9A49B0020A27A /* cart_cutBtn_nomal@2x.png */,
				D66D05AB1EA9A49B0020A27A /* cart_default_bg.png */,
				D66D05AC1EA9A49B0020A27A /* cart_selected_btn@2x.png */,
				D66D05AD1EA9A49B0020A27A /* cart_unSelect_btn@2x.png */,
			);
			path = icons;
			sourceTree = "<group>";
		};
		D699D0581EA9FDEB00A4563A /* Tree */ = {
			isa = PBXGroup;
			children = (
				D699D0591EA9FDEB00A4563A /* img_close.png */,
				D699D05A1EA9FDEB00A4563A /* img_open.png */,
				D699D05B1EA9FDEB00A4563A /* TreeCell.h */,
				D699D05C1EA9FDEB00A4563A /* TreeCell.m */,
				D699D05D1EA9FDEB00A4563A /* TreeCell.xib */,
				D699D05E1EA9FDEB00A4563A /* treeList.plist */,
				D699D05F1EA9FDEB00A4563A /* TreeModel.h */,
				D699D0601EA9FDEB00A4563A /* TreeModel.m */,
				D699D0611EA9FDEB00A4563A /* TreeViewController.h */,
				D699D0621EA9FDEB00A4563A /* TreeViewController.m */,
			);
			path = Tree;
			sourceTree = "<group>";
		};
		D6A8AAA91E83B56F00FDB279 /* Tools */ = {
			isa = PBXGroup;
			children = (
				D6A8AABB1E83C42500FDB279 /* UIViewExt */,
				D6A8AAAB1E83B64C00FDB279 /* Category */,
			);
			path = Tools;
			sourceTree = "<group>";
		};
		D6A8AAAA1E83B64100FDB279 /* Common */ = {
			isa = PBXGroup;
			children = (
				D6A8AAAC1E83B65F00FDB279 /* PrefixHeader.pch */,
			);
			path = Common;
			sourceTree = "<group>";
		};
		D6A8AAAB1E83B64C00FDB279 /* Category */ = {
			isa = PBXGroup;
			children = (
				D6A8AAB81E83C30C00FDB279 /* UIImageView+CircleImage.h */,
				D6A8AAB91E83C30C00FDB279 /* UIImageView+CircleImage.m */,
				D6A8AAAD1E83BD3700FDB279 /* UIView+ViewController.h */,
				D6A8AAAE1E83BD3700FDB279 /* UIView+ViewController.m */,
				D6A8AAB51E83C17200FDB279 /* UIColor+Hex.h */,
				D6A8AAB61E83C17200FDB279 /* UIColor+Hex.m */,
			);
			path = Category;
			sourceTree = "<group>";
		};
		D6A8AABB1E83C42500FDB279 /* UIViewExt */ = {
			isa = PBXGroup;
			children = (
				D6A8AABC1E83C42500FDB279 /* UIViewExt.h */,
				D6A8AABD1E83C42500FDB279 /* UIViewExt.m */,
			);
			path = UIViewExt;
			sourceTree = "<group>";
		};
		D6A8AABF1E83C4F300FDB279 /* Classes */ = {
			isa = PBXGroup;
			children = (
				D62A361C1EB0A1A700DEB3E6 /* Segment */,
				D6210CB71EAF3F7700B0FB8B /* Chice */,
				D601C2CE1EADD1CF00AA465C /* WaterFall */,
				D699D0581EA9FDEB00A4563A /* Tree */,
				D66D059E1EA9A49B0020A27A /* Cart */,
				D6A8AAC01E83C5EB00FDB279 /* Calendar */,
			);
			path = Classes;
			sourceTree = "<group>";
		};
		D6A8AAC01E83C5EB00FDB279 /* Calendar */ = {
			isa = PBXGroup;
			children = (
				D6A8AAC11E83C5EB00FDB279 /* LYCalendar */,
				D6A8AAC21E83C60600FDB279 /* CalendarController.h */,
				D6A8AAC31E83C60600FDB279 /* CalendarController.m */,
			);
			path = Calendar;
			sourceTree = "<group>";
		};
		D6A8AAC11E83C5EB00FDB279 /* LYCalendar */ = {
			isa = PBXGroup;
			children = (
				D6F4178E1EA84831004DD115 /* bt_next@2x.png */,
				D6F4178F1EA84831004DD115 /* bt_previous@2x.png */,
				D6A8AAC51E83CAAD00FDB279 /* LYCalendarPicker.h */,
				D6A8AAC61E83CAAD00FDB279 /* LYCalendarPicker.m */,
				D60C33131EA608A500F6683A /* LYCalendarCell.h */,
				D60C33141EA608A500F6683A /* LYCalendarCell.m */,
				D60C33151EA608A500F6683A /* LYCalendarCell.xib */,
			);
			path = LYCalendar;
			sourceTree = "<group>";
		};
		D6F955231E83A56D00F7125E = {
			isa = PBXGroup;
			children = (
				D6F9552E1E83A56E00F7125E /* SummaryExperiences */,
				D6F9552D1E83A56E00F7125E /* Products */,
				D1A64461B7883894115A79A3 /* Pods */,
				C3090AB5C16EE5672115FABA /* Frameworks */,
			);
			sourceTree = "<group>";
		};
		D6F9552D1E83A56E00F7125E /* Products */ = {
			isa = PBXGroup;
			children = (
				D6F9552C1E83A56E00F7125E /* SummaryExperiences.app */,
			);
			name = Products;
			sourceTree = "<group>";
		};
		D6F9552E1E83A56E00F7125E /* SummaryExperiences */ = {
			isa = PBXGroup;
			children = (
				D6F955321E83A56E00F7125E /* AppDelegate.h */,
				D6F955331E83A56E00F7125E /* AppDelegate.m */,
				D6F955351E83A56E00F7125E /* ViewController.h */,
				D6F955361E83A56E00F7125E /* ViewController.m */,
				D6A8AABF1E83C4F300FDB279 /* Classes */,
				D6A8AAAA1E83B64100FDB279 /* Common */,
				D6A8AAA91E83B56F00FDB279 /* Tools */,
				D6F955381E83A56E00F7125E /* Main.storyboard */,
				D6F9553B1E83A56E00F7125E /* Assets.xcassets */,
				D6F9553D1E83A56E00F7125E /* LaunchScreen.storyboard */,
				D6F955401E83A56E00F7125E /* Info.plist */,
				D6F9552F1E83A56E00F7125E /* Supporting Files */,
			);
			path = SummaryExperiences;
			sourceTree = "<group>";
		};
		D6F9552F1E83A56E00F7125E /* Supporting Files */ = {
			isa = PBXGroup;
			children = (
				D6F955301E83A56E00F7125E /* main.m */,
			);
			name = "Supporting Files";
			sourceTree = "<group>";
		};
/* End PBXGroup section */

/* Begin PBXNativeTarget section */
		D6F9552B1E83A56D00F7125E /* SummaryExperiences */ = {
			isa = PBXNativeTarget;
			buildConfigurationList = D6F955431E83A56E00F7125E /* Build configuration list for PBXNativeTarget "SummaryExperiences" */;
			buildPhases = (
				3812380BF30E80F2CBAC3E88 /* [CP] Check Pods Manifest.lock */,
				D6F955281E83A56D00F7125E /* Sources */,
				D6F955291E83A56D00F7125E /* Frameworks */,
				D6F9552A1E83A56D00F7125E /* Resources */,
				A768520FDAAA091EB64E413F /* [CP] Embed Pods Frameworks */,
				BD0590C73E007A5109D7DD9B /* [CP] Copy Pods Resources */,
			);
			buildRules = (
			);
			dependencies = (
			);
			name = SummaryExperiences;
			productName = SummaryExperiences;
			productReference = D6F9552C1E83A56E00F7125E /* SummaryExperiences.app */;
			productType = "com.apple.product-type.application";
		};
/* End PBXNativeTarget section */

/* Begin PBXProject section */
		D6F955241E83A56D00F7125E /* Project object */ = {
			isa = PBXProject;
			attributes = {
				LastUpgradeCheck = 0820;
				ORGANIZATIONNAME = "刘毅";
				TargetAttributes = {
					D6F9552B1E83A56D00F7125E = {
						CreatedOnToolsVersion = 8.2.1;
						DevelopmentTeam = 9XXQS79WF8;
						ProvisioningStyle = Automatic;
					};
				};
			};
			buildConfigurationList = D6F955271E83A56D00F7125E /* Build configuration list for PBXProject "SummaryExperiences" */;
			compatibilityVersion = "Xcode 3.2";
			developmentRegion = English;
			hasScannedForEncodings = 0;
			knownRegions = (
				en,
				Base,
			);
			mainGroup = D6F955231E83A56D00F7125E;
			productRefGroup = D6F9552D1E83A56E00F7125E /* Products */;
			projectDirPath = "";
			projectRoot = "";
			targets = (
				D6F9552B1E83A56D00F7125E /* SummaryExperiences */,
			);
		};
/* End PBXProject section */

/* Begin PBXResourcesBuildPhase section */
		D6F9552A1E83A56D00F7125E /* Resources */ = {
			isa = PBXResourcesBuildPhase;
			buildActionMask = 2147483647;
			files = (
				D66D05B61EA9A49B0020A27A /* cart_default_bg.png in Resources */,
				D62A36391EB0A33E00DEB3E6 /* liwushuo.json in Resources */,
				D62A36411EB0A33E00DEB3E6 /* RightCollectionCell.xib in Resources */,
				D66D05BA1EA9A6700020A27A /* cart_shop.png in Resources */,
				D699D0641EA9FDEB00A4563A /* img_close.png in Resources */,
				D60C33171EA608A500F6683A /* LYCalendarCell.xib in Resources */,
				D6F9553F1E83A56E00F7125E /* LaunchScreen.storyboard in Resources */,
				D62A363F1EB0A33E00DEB3E6 /* RightCell.xib in Resources */,
				D6F9553C1E83A56E00F7125E /* Assets.xcassets in Resources */,
				D66D05B41EA9A49B0020A27A /* cart_cutBtn_highlight@2x.png in Resources */,
				D66D05B11EA9A49B0020A27A /* back_button@2x.png in Resources */,
				D66D05B51EA9A49B0020A27A /* cart_cutBtn_nomal@2x.png in Resources */,
				D66D05B31EA9A49B0020A27A /* cart_addBtn_nomal@2x.png in Resources */,
				D699D0651EA9FDEB00A4563A /* img_open.png in Resources */,
				D6F9553A1E83A56E00F7125E /* Main.storyboard in Resources */,
				D6F417901EA84831004DD115 /* bt_next@2x.png in Resources */,
				D699D0681EA9FDEB00A4563A /* treeList.plist in Resources */,
				D66D05B71EA9A49B0020A27A /* cart_selected_btn@2x.png in Resources */,
				D62A363B1EB0A33E00DEB3E6 /* meituan.json in Resources */,
				D66D05B21EA9A49B0020A27A /* cart_addBtn_highlight@2x.png in Resources */,
				D66D05B81EA9A49B0020A27A /* cart_unSelect_btn@2x.png in Resources */,
				D6F417911EA84831004DD115 /* bt_previous@2x.png in Resources */,
				D699D0671EA9FDEB00A4563A /* TreeCell.xib in Resources */,
			);
			runOnlyForDeploymentPostprocessing = 0;
		};
/* End PBXResourcesBuildPhase section */

/* Begin PBXShellScriptBuildPhase section */
		3812380BF30E80F2CBAC3E88 /* [CP] Check Pods Manifest.lock */ = {
			isa = PBXShellScriptBuildPhase;
			buildActionMask = 2147483647;
			files = (
			);
			inputPaths = (
			);
			name = "[CP] Check Pods Manifest.lock";
			outputPaths = (
			);
			runOnlyForDeploymentPostprocessing = 0;
			shellPath = /bin/sh;
			shellScript = "diff \"${PODS_PODFILE_DIR_PATH}/Podfile.lock\" \"${PODS_ROOT}/Manifest.lock\" > /dev/null\nif [ $? != 0 ] ; then\n    # print error to STDERR\n    echo \"error: The sandbox is not in sync with the Podfile.lock. Run 'pod install' or update your CocoaPods installation.\" >&2\n    exit 1\nfi\n";
			showEnvVarsInLog = 0;
		};
		A768520FDAAA091EB64E413F /* [CP] Embed Pods Frameworks */ = {
			isa = PBXShellScriptBuildPhase;
			buildActionMask = 2147483647;
			files = (
			);
			inputPaths = (
			);
			name = "[CP] Embed Pods Frameworks";
			outputPaths = (
			);
			runOnlyForDeploymentPostprocessing = 0;
			shellPath = /bin/sh;
			shellScript = "\"${SRCROOT}/Pods/Target Support Files/Pods-SummaryExperiences/Pods-SummaryExperiences-frameworks.sh\"\n";
			showEnvVarsInLog = 0;
		};
		BD0590C73E007A5109D7DD9B /* [CP] Copy Pods Resources */ = {
			isa = PBXShellScriptBuildPhase;
			buildActionMask = 2147483647;
			files = (
			);
			inputPaths = (
			);
			name = "[CP] Copy Pods Resources";
			outputPaths = (
			);
			runOnlyForDeploymentPostprocessing = 0;
			shellPath = /bin/sh;
			shellScript = "\"${SRCROOT}/Pods/Target Support Files/Pods-SummaryExperiences/Pods-SummaryExperiences-resources.sh\"\n";
			showEnvVarsInLog = 0;
		};
/* End PBXShellScriptBuildPhase section */

/* Begin PBXSourcesBuildPhase section */
		D6F955281E83A56D00F7125E /* Sources */ = {
			isa = PBXSourcesBuildPhase;
			buildActionMask = 2147483647;
			files = (
				D60C33161EA608A500F6683A /* LYCalendarCell.m in Sources */,
				D6A8AABE1E83C42500FDB279 /* UIViewExt.m in Sources */,
				D62A36431EB0A33E00DEB3E6 /* RightTableView.m in Sources */,
				D66D05B01EA9A49B0020A27A /* CartViewController.m in Sources */,
				D62A36371EB0A33E00DEB3E6 /* CollectionReusableView.m in Sources */,
				D62A36381EB0A33E00DEB3E6 /* LeftTabelView.m in Sources */,
				D6F955371E83A56E00F7125E /* ViewController.m in Sources */,
				D6A8AAB71E83C17200FDB279 /* UIColor+Hex.m in Sources */,
				D6A8AAAF1E83BD3700FDB279 /* UIView+ViewController.m in Sources */,
				D6A8AAC71E83CAAD00FDB279 /* LYCalendarPicker.m in Sources */,
				D699D0691EA9FDEB00A4563A /* TreeModel.m in Sources */,
				D62A363A1EB0A33E00DEB3E6 /* LJCollectionViewFlowLayout.m in Sources */,
				D6210CBA1EAF3F9100B0FB8B /* ChiceController.m in Sources */,
				D6F955341E83A56E00F7125E /* AppDelegate.m in Sources */,
				D66D05AF1EA9A49B0020A27A /* CartTableViewCell.m in Sources */,
				D62A36401EB0A33E00DEB3E6 /* RightCollectionCell.m in Sources */,
				D62A361F1EB0A1C100DEB3E6 /* SegmentController.m in Sources */,
				D62A363D1EB0A33E00DEB3E6 /* CollectionCategoryModel.m in Sources */,
				D601C2D11EADD1FB00AA465C /* LYWaterFlowLayout.m in Sources */,
				D66D05AE1EA9A49B0020A27A /* CartModel.m in Sources */,
				D62A363E1EB0A33E00DEB3E6 /* RightCell.m in Sources */,
				D601C2D41EADD24D00AA465C /* LYLeftWaterAlignedLayout.m in Sources */,
				D6A8AAC41E83C60600FDB279 /* CalendarController.m in Sources */,
				D6A8AABA1E83C30C00FDB279 /* UIImageView+CircleImage.m in Sources */,
				D6F955311E83A56E00F7125E /* main.m in Sources */,
				D699D06A1EA9FDEB00A4563A /* TreeViewController.m in Sources */,
				D601C2D71EADD92300AA465C /* WaterFallController.m in Sources */,
				D62A36421EB0A33E00DEB3E6 /* RightCollectionView.m in Sources */,
				D62A363C1EB0A33E00DEB3E6 /* CategoryModel.m in Sources */,
				D699D0661EA9FDEB00A4563A /* TreeCell.m in Sources */,
			);
			runOnlyForDeploymentPostprocessing = 0;
		};
/* End PBXSourcesBuildPhase section */

/* Begin PBXVariantGroup section */
		D6F955381E83A56E00F7125E /* Main.storyboard */ = {
			isa = PBXVariantGroup;
			children = (
				D6F955391E83A56E00F7125E /* Base */,
			);
			name = Main.storyboard;
			sourceTree = "<group>";
		};
		D6F9553D1E83A56E00F7125E /* LaunchScreen.storyboard */ = {
			isa = PBXVariantGroup;
			children = (
				D6F9553E1E83A56E00F7125E /* Base */,
			);
			name = LaunchScreen.storyboard;
			sourceTree = "<group>";
		};
/* End PBXVariantGroup section */

/* Begin XCBuildConfiguration section */
		D6F955411E83A56E00F7125E /* Debug */ = {
			isa = XCBuildConfiguration;
			buildSettings = {
				ALWAYS_SEARCH_USER_PATHS = NO;
				CLANG_ANALYZER_NONNULL = YES;
				CLANG_CXX_LANGUAGE_STANDARD = "gnu++0x";
				CLANG_CXX_LIBRARY = "libc++";
				CLANG_ENABLE_MODULES = YES;
				CLANG_ENABLE_OBJC_ARC = YES;
				CLANG_WARN_BOOL_CONVERSION = YES;
				CLANG_WARN_CONSTANT_CONVERSION = YES;
				CLANG_WARN_DIRECT_OBJC_ISA_USAGE = YES_ERROR;
				CLANG_WARN_DOCUMENTATION_COMMENTS = YES;
				CLANG_WARN_EMPTY_BODY = YES;
				CLANG_WARN_ENUM_CONVERSION = YES;
				CLANG_WARN_INFINITE_RECURSION = YES;
				CLANG_WARN_INT_CONVERSION = YES;
				CLANG_WARN_OBJC_ROOT_CLASS = YES_ERROR;
				CLANG_WARN_SUSPICIOUS_MOVE = YES;
				CLANG_WARN_UNREACHABLE_CODE = YES;
				CLANG_WARN__DUPLICATE_METHOD_MATCH = YES;
				"CODE_SIGN_IDENTITY[sdk=iphoneos*]" = "iPhone Developer";
				COPY_PHASE_STRIP = NO;
				DEBUG_INFORMATION_FORMAT = dwarf;
				ENABLE_STRICT_OBJC_MSGSEND = YES;
				ENABLE_TESTABILITY = YES;
				GCC_C_LANGUAGE_STANDARD = gnu99;
				GCC_DYNAMIC_NO_PIC = NO;
				GCC_NO_COMMON_BLOCKS = YES;
				GCC_OPTIMIZATION_LEVEL = 0;
				GCC_PREPROCESSOR_DEFINITIONS = (
					"DEBUG=1",
					"$(inherited)",
				);
				GCC_WARN_64_TO_32_BIT_CONVERSION = YES;
				GCC_WARN_ABOUT_RETURN_TYPE = YES_ERROR;
				GCC_WARN_UNDECLARED_SELECTOR = YES;
				GCC_WARN_UNINITIALIZED_AUTOS = YES_AGGRESSIVE;
				GCC_WARN_UNUSED_FUNCTION = YES;
				GCC_WARN_UNUSED_VARIABLE = YES;
				IPHONEOS_DEPLOYMENT_TARGET = 10.2;
				MTL_ENABLE_DEBUG_INFO = YES;
				ONLY_ACTIVE_ARCH = YES;
				SDKROOT = iphoneos;
			};
			name = Debug;
		};
		D6F955421E83A56E00F7125E /* Release */ = {
			isa = XCBuildConfiguration;
			buildSettings = {
				ALWAYS_SEARCH_USER_PATHS = NO;
				CLANG_ANALYZER_NONNULL = YES;
				CLANG_CXX_LANGUAGE_STANDARD = "gnu++0x";
				CLANG_CXX_LIBRARY = "libc++";
				CLANG_ENABLE_MODULES = YES;
				CLANG_ENABLE_OBJC_ARC = YES;
				CLANG_WARN_BOOL_CONVERSION = YES;
				CLANG_WARN_CONSTANT_CONVERSION = YES;
				CLANG_WARN_DIRECT_OBJC_ISA_USAGE = YES_ERROR;
				CLANG_WARN_DOCUMENTATION_COMMENTS = YES;
				CLANG_WARN_EMPTY_BODY = YES;
				CLANG_WARN_ENUM_CONVERSION = YES;
				CLANG_WARN_INFINITE_RECURSION = YES;
				CLANG_WARN_INT_CONVERSION = YES;
				CLANG_WARN_OBJC_ROOT_CLASS = YES_ERROR;
				CLANG_WARN_SUSPICIOUS_MOVE = YES;
				CLANG_WARN_UNREACHABLE_CODE = YES;
				CLANG_WARN__DUPLICATE_METHOD_MATCH = YES;
				"CODE_SIGN_IDENTITY[sdk=iphoneos*]" = "iPhone Developer";
				COPY_PHASE_STRIP = NO;
				DEBUG_INFORMATION_FORMAT = "dwarf-with-dsym";
				ENABLE_NS_ASSERTIONS = NO;
				ENABLE_STRICT_OBJC_MSGSEND = YES;
				GCC_C_LANGUAGE_STANDARD = gnu99;
				GCC_NO_COMMON_BLOCKS = YES;
				GCC_WARN_64_TO_32_BIT_CONVERSION = YES;
				GCC_WARN_ABOUT_RETURN_TYPE = YES_ERROR;
				GCC_WARN_UNDECLARED_SELECTOR = YES;
				GCC_WARN_UNINITIALIZED_AUTOS = YES_AGGRESSIVE;
				GCC_WARN_UNUSED_FUNCTION = YES;
				GCC_WARN_UNUSED_VARIABLE = YES;
				IPHONEOS_DEPLOYMENT_TARGET = 10.2;
				MTL_ENABLE_DEBUG_INFO = NO;
				SDKROOT = iphoneos;
				VALIDATE_PRODUCT = YES;
			};
			name = Release;
		};
		D6F955441E83A56E00F7125E /* Debug */ = {
			isa = XCBuildConfiguration;
			baseConfigurationReference = A0DA7CB711932A3C56E6D65C /* Pods-SummaryExperiences.debug.xcconfig */;
			buildSettings = {
				ASSETCATALOG_COMPILER_APPICON_NAME = AppIcon;
				DEVELOPMENT_TEAM = 9XXQS79WF8;
				GCC_PREFIX_HEADER = "$(SRCROOT)/SummaryExperiences/Common/PrefixHeader.pch";
				INFOPLIST_FILE = SummaryExperiences/Info.plist;
				IPHONEOS_DEPLOYMENT_TARGET = 8.0;
				LD_RUNPATH_SEARCH_PATHS = "$(inherited) @executable_path/Frameworks";
				PRODUCT_BUNDLE_IDENTIFIER = com.liuyi.SummaryExperiences;
				PRODUCT_NAME = "$(TARGET_NAME)";
			};
			name = Debug;
		};
		D6F955451E83A56E00F7125E /* Release */ = {
			isa = XCBuildConfiguration;
			baseConfigurationReference = 1C7339235D82D297DC6CFCF1 /* Pods-SummaryExperiences.release.xcconfig */;
			buildSettings = {
				ASSETCATALOG_COMPILER_APPICON_NAME = AppIcon;
				DEVELOPMENT_TEAM = 9XXQS79WF8;
				GCC_PREFIX_HEADER = "$(SRCROOT)/SummaryExperiences/Common/PrefixHeader.pch";
				INFOPLIST_FILE = SummaryExperiences/Info.plist;
				IPHONEOS_DEPLOYMENT_TARGET = 8.0;
				LD_RUNPATH_SEARCH_PATHS = "$(inherited) @executable_path/Frameworks";
				PRODUCT_BUNDLE_IDENTIFIER = com.liuyi.SummaryExperiences;
				PRODUCT_NAME = "$(TARGET_NAME)";
			};
			name = Release;
		};
/* End XCBuildConfiguration section */

/* Begin XCConfigurationList section */
		D6F955271E83A56D00F7125E /* Build configuration list for PBXProject "SummaryExperiences" */ = {
			isa = XCConfigurationList;
			buildConfigurations = (
				D6F955411E83A56E00F7125E /* Debug */,
				D6F955421E83A56E00F7125E /* Release */,
			);
			defaultConfigurationIsVisible = 0;
			defaultConfigurationName = Release;
		};
		D6F955431E83A56E00F7125E /* Build configuration list for PBXNativeTarget "SummaryExperiences" */ = {
			isa = XCConfigurationList;
			buildConfigurations = (
				D6F955441E83A56E00F7125E /* Debug */,
				D6F955451E83A56E00F7125E /* Release */,
			);
			defaultConfigurationIsVisible = 0;
			defaultConfigurationName = Release;
		};
/* End XCConfigurationList section */
	};
	rootObject = D6F955241E83A56D00F7125E /* Project object */;
}
